{
  "originHash" : "f5e1b80e45eb7e4d7f144c6887a7ca23b20027de0ff788ae2f8194d6793002ae",
  "pins" : [
    {
      "identity" : "logify",
      "kind" : "remoteSourceControl",
      "location" : "https://github.com/aumetov7/Logify.git",
      "state" : {
        "revision" : "b1d49f0c56f12b4bf3e87b35918bf589bdefafa6",
        "version" : "1.0.0"
      }
    }
  ],
  "version" : 3
}
