{
  "originHash" : "1e64063cb59d2771010ff7bfd8980205ee517dc5d7dad03008ce3d0796f131a8",
  "pins" : [
    {
      "identity" : "logify",
      "kind" : "remoteSourceControl",
      "location" : "https://github.com/aumetov7/Logify.git",
      "state" : {
        "revision" : "38d5f0669f99ad4d340f30277b07d972e3404e3b",
        "version" : "1.0.1"
      }
    }
  ],
  "version" : 3
}
